
Microsoft Visual Studio Solution File, Format Version 12.00
# Visual Studio Version 16
VisualStudioVersion = 16.0.30804.86
MinimumVisualStudioVersion = 10.0.40219.1
Project("{9A19103F-16F7-4668-BE54-9A1E7A4F7556}") = "Kampintro", "Kampintro\Kampintro.csproj", "{B46691EF-DD23-45FF-829D-92649071AF7D}"
EndProject
Project("{9A19103F-16F7-4668-BE54-9A1E7A4F7556}") = "Donguler", "Donguler\Donguler.csproj", "{AFE76D05-8A8B-4095-9F6D-779FBF5B93A1}"
EndProject
Project("{9A19103F-16F7-4668-BE54-9A1E7A4F7556}") = "ClassIntro", "ClassIntro\ClassIntro.csproj", "{A8950D32-5158-402C-ACEF-23367FCD7328}"
EndProject
Project("{9A19103F-16F7-4668-BE54-9A1E7A4F7556}") = "Methods", "Methods\Methods.csproj", "{260E6665-92F7-4FCA-92C6-AA3BE540EE4A}"
EndProject
Project("{FAE04EC0-301F-11D3-BF4B-00C04F79EFBC}") = "Matematik", "Matematik\Matematik.csproj", "{D637F704-824A-4977-B527-A9EFA0EBDFB1}"
EndProject
Project("{FAE04EC0-301F-11D3-BF4B-00C04F79EFBC}") = "DegerVeReferansTipler", "DegerVeReferansTipler\DegerVeReferansTipler.csproj", "{F14395CB-81C1-4972-8C39-A36EBB47BA6E}"
EndProject
Global
	GlobalSection(SolutionConfigurationPlatforms) = preSolution
		Debug|Any CPU = Debug|Any CPU
		Release|Any CPU = Release|Any CPU
	EndGlobalSection
	GlobalSection(ProjectConfigurationPlatforms) = postSolution
		{B46691EF-DD23-45FF-829D-92649071AF7D}.Debug|Any CPU.ActiveCfg = Debug|Any CPU
		{B46691EF-DD23-45FF-829D-92649071AF7D}.Debug|Any CPU.Build.0 = Debug|Any CPU
		{B46691EF-DD23-45FF-829D-92649071AF7D}.Release|Any CPU.ActiveCfg = Release|Any CPU
		{B46691EF-DD23-45FF-829D-92649071AF7D}.Release|Any CPU.Build.0 = Release|Any CPU
		{AFE76D05-8A8B-4095-9F6D-779FBF5B93A1}.Debug|Any CPU.ActiveCfg = Debug|Any CPU
		{AFE76D05-8A8B-4095-9F6D-779FBF5B93A1}.Debug|Any CPU.Build.0 = Debug|Any CPU
		{AFE76D05-8A8B-4095-9F6D-779FBF5B93A1}.Release|Any CPU.ActiveCfg = Release|Any CPU
		{AFE76D05-8A8B-4095-9F6D-779FBF5B93A1}.Release|Any CPU.Build.0 = Release|Any CPU
		{A8950D32-5158-402C-ACEF-23367FCD7328}.Debug|Any CPU.ActiveCfg = Debug|Any CPU
		{A8950D32-5158-402C-ACEF-23367FCD7328}.Debug|Any CPU.Build.0 = Debug|Any CPU
		{A8950D32-5158-402C-ACEF-23367FCD7328}.Release|Any CPU.ActiveCfg = Release|Any CPU
		{A8950D32-5158-402C-ACEF-23367FCD7328}.Release|Any CPU.Build.0 = Release|Any CPU
		{260E6665-92F7-4FCA-92C6-AA3BE540EE4A}.Debug|Any CPU.ActiveCfg = Debug|Any CPU
		{260E6665-92F7-4FCA-92C6-AA3BE540EE4A}.Debug|Any CPU.Build.0 = Debug|Any CPU
		{260E6665-92F7-4FCA-92C6-AA3BE540EE4A}.Release|Any CPU.ActiveCfg = Release|Any CPU
		{260E6665-92F7-4FCA-92C6-AA3BE540EE4A}.Release|Any CPU.Build.0 = Release|Any CPU
		{D637F704-824A-4977-B527-A9EFA0EBDFB1}.Debug|Any CPU.ActiveCfg = Debug|Any CPU
		{D637F704-824A-4977-B527-A9EFA0EBDFB1}.Debug|Any CPU.Build.0 = Debug|Any CPU
		{D637F704-824A-4977-B527-A9EFA0EBDFB1}.Release|Any CPU.ActiveCfg = Release|Any CPU
		{D637F704-824A-4977-B527-A9EFA0EBDFB1}.Release|Any CPU.Build.0 = Release|Any CPU
		{F14395CB-81C1-4972-8C39-A36EBB47BA6E}.Debug|Any CPU.ActiveCfg = Debug|Any CPU
		{F14395CB-81C1-4972-8C39-A36EBB47BA6E}.Debug|Any CPU.Build.0 = Debug|Any CPU
		{F14395CB-81C1-4972-8C39-A36EBB47BA6E}.Release|Any CPU.ActiveCfg = Release|Any CPU
		{F14395CB-81C1-4972-8C39-A36EBB47BA6E}.Release|Any CPU.Build.0 = Release|Any CPU
	EndGlobalSection
	GlobalSection(SolutionProperties) = preSolution
		HideSolutionNode = FALSE
	EndGlobalSection
	GlobalSection(ExtensibilityGlobals) = postSolution
		SolutionGuid = {F19CEA13-14BB-4F3F-B7B6-59EAC455E77C}
	EndGlobalSection
EndGlobal
